// !$*UTF8*$!
{
	archiveVersion = 1;
	classes = {
	};
	objectVersion = 56;
	objects = {

/* Begin PBXBuildFile section */
		EB5926CC2A8DAD7900B95EC4 /* SheetRPGApp.swift in Sources */ = {isa = PBXBuildFile; fileRef = EB5926CB2A8DAD7900B95EC4 /* SheetRPGApp.swift */; };
		EB5926CE2A8DAD7900B95EC4 /* ContentView.swift in Sources */ = {isa = PBXBuildFile; fileRef = EB5926CD2A8DAD7900B95EC4 /* ContentView.swift */; };
		EB5926D02A8DAD7A00B95EC4 /* Assets.xcassets in Resources */ = {isa = PBXBuildFile; fileRef = EB5926CF2A8DAD7A00B95EC4 /* Assets.xcassets */; };
		EB5926D32A8DAD7A00B95EC4 /* Preview Assets.xcassets in Resources */ = {isa = PBXBuildFile; fileRef = EB5926D22A8DAD7A00B95EC4 /* Preview Assets.xcassets */; };
		EB5926F62A8DADCC00B95EC4 /* SheetViewModel.swift in Sources */ = {isa = PBXBuildFile; fileRef = EB5926F52A8DADCC00B95EC4 /* SheetViewModel.swift */; };
		EB5926F82A8DADE600B95EC4 /* Sheet.swift in Sources */ = {isa = PBXBuildFile; fileRef = EB5926F72A8DADE600B95EC4 /* Sheet.swift */; };
		EB5926FA2A8DB36E00B95EC4 /* CadastroPersonagemView.swift in Sources */ = {isa = PBXBuildFile; fileRef = EB5926F92A8DB36E00B95EC4 /* CadastroPersonagemView.swift */; };
		EBB799C02A8E7BD400D77163 /* Tormenta20x.ttf in Resources */ = {isa = PBXBuildFile; fileRef = EBB799BF2A8E7BD400D77163 /* Tormenta20x.ttf */; };
/* End PBXBuildFile section */

/* Begin PBXFileReference section */
		EB5926C82A8DAD7900B95EC4 /* SheetRPG.app */ = {isa = PBXFileReference; explicitFileType = wrapper.application; includeInIndex = 0; path = SheetRPG.app; sourceTree = BUILT_PRODUCTS_DIR; };
		EB5926CB2A8DAD7900B95EC4 /* SheetRPGApp.swift */ = {isa = PBXFileReference; lastKnownFileType = sourcecode.swift; path = SheetRPGApp.swift; sourceTree = "<group>"; };
		EB5926CD2A8DAD7900B95EC4 /* ContentView.swift */ = {isa = PBXFileReference; lastKnownFileType = sourcecode.swift; path = ContentView.swift; sourceTree = "<group>"; };
		EB5926CF2A8DAD7A00B95EC4 /* Assets.xcassets */ = {isa = PBXFileReference; lastKnownFileType = folder.assetcatalog; path = Assets.xcassets; sourceTree = "<group>"; };
		EB5926D22A8DAD7A00B95EC4 /* Preview Assets.xcassets */ = {isa = PBXFileReference; lastKnownFileType = folder.assetcatalog; path = "Preview Assets.xcassets"; sourceTree = "<group>"; };
		EB5926F52A8DADCC00B95EC4 /* SheetViewModel.swift */ = {isa = PBXFileReference; lastKnownFileType = sourcecode.swift; path = SheetViewModel.swift; sourceTree = "<group>"; };
		EB5926F72A8DADE600B95EC4 /* Sheet.swift */ = {isa = PBXFileReference; lastKnownFileType = sourcecode.swift; path = Sheet.swift; sourceTree = "<group>"; };
		EB5926F92A8DB36E00B95EC4 /* CadastroPersonagemView.swift */ = {isa = PBXFileReference; lastKnownFileType = sourcecode.swift; path = CadastroPersonagemView.swift; sourceTree = "<group>"; };
		EBB799BF2A8E7BD400D77163 /* Tormenta20x.ttf */ = {isa = PBXFileReference; lastKnownFileType = file; name = Tormenta20x.ttf; path = ../../../../Downloads/Tormenta20x.ttf; sourceTree = "<group>"; };
		EBB799C12A8E7C0600D77163 /* Info.plist */ = {isa = PBXFileReference; lastKnownFileType = text.plist; path = Info.plist; sourceTree = "<group>"; };
/* End PBXFileReference section */

/* Begin PBXFrameworksBuildPhase section */
		EB5926C52A8DAD7900B95EC4 /* Frameworks */ = {
			isa = PBXFrameworksBuildPhase;
			buildActionMask = 2147483647;
			files = (
			);
			runOnlyForDeploymentPostprocessing = 0;
		};
/* End PBXFrameworksBuildPhase section */

/* Begin PBXGroup section */
		EB5926BF2A8DAD7900B95EC4 = {
			isa = PBXGroup;
			children = (
				EBB799BE2A8E7BB600D77163 /* Resources */,
				EB5926CA2A8DAD7900B95EC4 /* SheetRPG */,
				EB5926C92A8DAD7900B95EC4 /* Products */,
			);
			sourceTree = "<group>";
		};
		EB5926C92A8DAD7900B95EC4 /* Products */ = {
			isa = PBXGroup;
			children = (
				EB5926C82A8DAD7900B95EC4 /* SheetRPG.app */,
			);
			name = Products;
			sourceTree = "<group>";
		};
		EB5926CA2A8DAD7900B95EC4 /* SheetRPG */ = {
			isa = PBXGroup;
			children = (
				EBB799C42A8EBC8C00D77163 /* View */,
				EBB799C32A8EBC7C00D77163 /* Model */,
				EBB799C22A8EBC6A00D77163 /* ViewModel */,
				EBB799C12A8E7C0600D77163 /* Info.plist */,
				EB5926CB2A8DAD7900B95EC4 /* SheetRPGApp.swift */,
				EB5926CF2A8DAD7A00B95EC4 /* Assets.xcassets */,
				EB5926D12A8DAD7A00B95EC4 /* Preview Content */,
			);
			path = SheetRPG;
			sourceTree = "<group>";
		};
		EB5926D12A8DAD7A00B95EC4 /* Preview Content */ = {
			isa = PBXGroup;
			children = (
				EB5926D22A8DAD7A00B95EC4 /* Preview Assets.xcassets */,
			);
			path = "Preview Content";
			sourceTree = "<group>";
		};
		EBB799BE2A8E7BB600D77163 /* Resources */ = {
			isa = PBXGroup;
			children = (
				EBB799BF2A8E7BD400D77163 /* Tormenta20x.ttf */,
			);
			path = Resources;
			sourceTree = "<group>";
		};
		EBB799C22A8EBC6A00D77163 /* ViewModel */ = {
			isa = PBXGroup;
			children = (
				EB5926F52A8DADCC00B95EC4 /* SheetViewModel.swift */,
			);
			path = ViewModel;
			sourceTree = "<group>";
		};
		EBB799C32A8EBC7C00D77163 /* Model */ = {
			isa = PBXGroup;
			children = (
				EB5926F72A8DADE600B95EC4 /* Sheet.swift */,
			);
			path = Model;
			sourceTree = "<group>";
		};
		EBB799C42A8EBC8C00D77163 /* View */ = {
			isa = PBXGroup;
			children = (
				EB5926CD2A8DAD7900B95EC4 /* ContentView.swift */,
				EB5926F92A8DB36E00B95EC4 /* CadastroPersonagemView.swift */,
			);
			path = View;
			sourceTree = "<group>";
		};
/* End PBXGroup section */

/* Begin PBXNativeTarget section */
		EB5926C72A8DAD7900B95EC4 /* SheetRPG */ = {
			isa = PBXNativeTarget;
			buildConfigurationList = EB5926EC2A8DAD7A00B95EC4 /* Build configuration list for PBXNativeTarget "SheetRPG" */;
			buildPhases = (
				EB5926C42A8DAD7900B95EC4 /* Sources */,
				EB5926C52A8DAD7900B95EC4 /* Frameworks */,
				EB5926C62A8DAD7900B95EC4 /* Resources */,
			);
			buildRules = (
			);
			dependencies = (
			);
			name = SheetRPG;
			productName = SheetRPG;
			productReference = EB5926C82A8DAD7900B95EC4 /* SheetRPG.app */;
			productType = "com.apple.product-type.application";
		};
/* End PBXNativeTarget section */

/* Begin PBXProject section */
		EB5926C02A8DAD7900B95EC4 /* Project object */ = {
			isa = PBXProject;
			attributes = {
				BuildIndependentTargetsInParallel = 1;
				LastSwiftUpdateCheck = 1430;
				LastUpgradeCheck = 1430;
				TargetAttributes = {
					EB5926C72A8DAD7900B95EC4 = {
						CreatedOnToolsVersion = 14.3.1;
					};
				};
			};
			buildConfigurationList = EB5926C32A8DAD7900B95EC4 /* Build configuration list for PBXProject "SheetRPG" */;
			compatibilityVersion = "Xcode 14.0";
			developmentRegion = en;
			hasScannedForEncodings = 0;
			knownRegions = (
				en,
				Base,
			);
			mainGroup = EB5926BF2A8DAD7900B95EC4;
			productRefGroup = EB5926C92A8DAD7900B95EC4 /* Products */;
			projectDirPath = "";
			projectRoot = "";
			targets = (
				EB5926C72A8DAD7900B95EC4 /* SheetRPG */,
			);
		};
/* End PBXProject section */

/* Begin PBXResourcesBuildPhase section */
		EB5926C62A8DAD7900B95EC4 /* Resources */ = {
			isa = PBXResourcesBuildPhase;
			buildActionMask = 2147483647;
			files = (
				EBB799C02A8E7BD400D77163 /* Tormenta20x.ttf in Resources */,
				EB5926D32A8DAD7A00B95EC4 /* Preview Assets.xcassets in Resources */,
				EB5926D02A8DAD7A00B95EC4 /* Assets.xcassets in Resources */,
			);
			runOnlyForDeploymentPostprocessing = 0;
		};
/* End PBXResourcesBuildPhase section */

/* Begin PBXSourcesBuildPhase section */
		EB5926C42A8DAD7900B95EC4 /* Sources */ = {
			isa = PBXSourcesBuildPhase;
			buildActionMask = 2147483647;
			files = (
				EB5926F62A8DADCC00B95EC4 /* SheetViewModel.swift in Sources */,
				EB5926CE2A8DAD7900B95EC4 /* ContentView.swift in Sources */,
				EB5926FA2A8DB36E00B95EC4 /* CadastroPersonagemView.swift in Sources */,
				EB5926CC2A8DAD7900B95EC4 /* SheetRPGApp.swift in Sources */,
				EB5926F82A8DADE600B95EC4 /* Sheet.swift in Sources */,
			);
			runOnlyForDeploymentPostprocessing = 0;
		};
/* End PBXSourcesBuildPhase section */

/* Begin XCBuildConfiguration section */
		EB5926EA2A8DAD7A00B95EC4 /* Debug */ = {
			isa = XCBuildConfiguration;
			buildSettings = {
				ALWAYS_SEARCH_USER_PATHS = NO;
				CLANG_ANALYZER_NONNULL = YES;
				CLANG_ANALYZER_NUMBER_OBJECT_CONVERSION = YES_AGGRESSIVE;
				CLANG_CXX_LANGUAGE_STANDARD = "gnu++20";
				CLANG_ENABLE_MODULES = YES;
				CLANG_ENABLE_OBJC_ARC = YES;
				CLANG_ENABLE_OBJC_WEAK = YES;
				CLANG_WARN_BLOCK_CAPTURE_AUTORELEASING = YES;
				CLANG_WARN_BOOL_CONVERSION = YES;
				CLANG_WARN_COMMA = YES;
				CLANG_WARN_CONSTANT_CONVERSION = YES;
				CLANG_WARN_DEPRECATED_OBJC_IMPLEMENTATIONS = YES;
				CLANG_WARN_DIRECT_OBJC_ISA_USAGE = YES_ERROR;
				CLANG_WARN_DOCUMENTATION_COMMENTS = YES;
				CLANG_WARN_EMPTY_BODY = YES;
				CLANG_WARN_ENUM_CONVERSION = YES;
				CLANG_WARN_INFINITE_RECURSION = YES;
				CLANG_WARN_INT_CONVERSION = YES;
				CLANG_WARN_NON_LITERAL_NULL_CONVERSION = YES;
				CLANG_WARN_OBJC_IMPLICIT_RETAIN_SELF = YES;
				CLANG_WARN_OBJC_LITERAL_CONVERSION = YES;
				CLANG_WARN_OBJC_ROOT_CLASS = YES_ERROR;
				CLANG_WARN_QUOTED_INCLUDE_IN_FRAMEWORK_HEADER = YES;
				CLANG_WARN_RANGE_LOOP_ANALYSIS = YES;
				CLANG_WARN_STRICT_PROTOTYPES = YES;
				CLANG_WARN_SUSPICIOUS_MOVE = YES;
				CLANG_WARN_UNGUARDED_AVAILABILITY = YES_AGGRESSIVE;
				CLANG_WARN_UNREACHABLE_CODE = YES;
				CLANG_WARN__DUPLICATE_METHOD_MATCH = YES;
				COPY_PHASE_STRIP = NO;
				DEBUG_INFORMATION_FORMAT = dwarf;
				ENABLE_STRICT_OBJC_MSGSEND = YES;
				ENABLE_TESTABILITY = YES;
				GCC_C_LANGUAGE_STANDARD = gnu11;
				GCC_DYNAMIC_NO_PIC = NO;
				GCC_NO_COMMON_BLOCKS = YES;
				GCC_OPTIMIZATION_LEVEL = 0;
				GCC_PREPROCESSOR_DEFINITIONS = (
					"DEBUG=1",
					"$(inherited)",
				);
				GCC_WARN_64_TO_32_BIT_CONVERSION = YES;
				GCC_WARN_ABOUT_RETURN_TYPE = YES_ERROR;
				GCC_WARN_UNDECLARED_SELECTOR = YES;
				GCC_WARN_UNINITIALIZED_AUTOS = YES_AGGRESSIVE;
				GCC_WARN_UNUSED_FUNCTION = YES;
				GCC_WARN_UNUSED_VARIABLE = YES;
				IPHONEOS_DEPLOYMENT_TARGET = 16.4;
				MTL_ENABLE_DEBUG_INFO = INCLUDE_SOURCE;
				MTL_FAST_MATH = YES;
				ONLY_ACTIVE_ARCH = YES;
				SDKROOT = iphoneos;
				SWIFT_ACTIVE_COMPILATION_CONDITIONS = DEBUG;
				SWIFT_OPTIMIZATION_LEVEL = "-Onone";
			};
			name = Debug;
		};
		EB5926EB2A8DAD7A00B95EC4 /* Release */ = {
			isa = XCBuildConfiguration;
			buildSettings = {
				ALWAYS_SEARCH_USER_PATHS = NO;
				CLANG_ANALYZER_NONNULL = YES;
				CLANG_ANALYZER_NUMBER_OBJECT_CONVERSION = YES_AGGRESSIVE;
				CLANG_CXX_LANGUAGE_STANDARD = "gnu++20";
				CLANG_ENABLE_MODULES = YES;
				CLANG_ENABLE_OBJC_ARC = YES;
				CLANG_ENABLE_OBJC_WEAK = YES;
				CLANG_WARN_BLOCK_CAPTURE_AUTORELEASING = YES;
				CLANG_WARN_BOOL_CONVERSION = YES;
				CLANG_WARN_COMMA = YES;
				CLANG_WARN_CONSTANT_CONVERSION = YES;
				CLANG_WARN_DEPRECATED_OBJC_IMPLEMENTATIONS = YES;
				CLANG_WARN_DIRECT_OBJC_ISA_USAGE = YES_ERROR;
				CLANG_WARN_DOCUMENTATION_COMMENTS = YES;
				CLANG_WARN_EMPTY_BODY = YES;
				CLANG_WARN_ENUM_CONVERSION = YES;
				CLANG_WARN_INFINITE_RECURSION = YES;
				CLANG_WARN_INT_CONVERSION = YES;
				CLANG_WARN_NON_LITERAL_NULL_CONVERSION = YES;
				CLANG_WARN_OBJC_IMPLICIT_RETAIN_SELF = YES;
				CLANG_WARN_OBJC_LITERAL_CONVERSION = YES;
				CLANG_WARN_OBJC_ROOT_CLASS = YES_ERROR;
				CLANG_WARN_QUOTED_INCLUDE_IN_FRAMEWORK_HEADER = YES;
				CLANG_WARN_RANGE_LOOP_ANALYSIS = YES;
				CLANG_WARN_STRICT_PROTOTYPES = YES;
				CLANG_WARN_SUSPICIOUS_MOVE = YES;
				CLANG_WARN_UNGUARDED_AVAILABILITY = YES_AGGRESSIVE;
				CLANG_WARN_UNREACHABLE_CODE = YES;
				CLANG_WARN__DUPLICATE_METHOD_MATCH = YES;
				COPY_PHASE_STRIP = NO;
				DEBUG_INFORMATION_FORMAT = "dwarf-with-dsym";
				ENABLE_NS_ASSERTIONS = NO;
				ENABLE_STRICT_OBJC_MSGSEND = YES;
				GCC_C_LANGUAGE_STANDARD = gnu11;
				GCC_NO_COMMON_BLOCKS = YES;
				GCC_WARN_64_TO_32_BIT_CONVERSION = YES;
				GCC_WARN_ABOUT_RETURN_TYPE = YES_ERROR;
				GCC_WARN_UNDECLARED_SELECTOR = YES;
				GCC_WARN_UNINITIALIZED_AUTOS = YES_AGGRESSIVE;
				GCC_WARN_UNUSED_FUNCTION = YES;
				GCC_WARN_UNUSED_VARIABLE = YES;
				IPHONEOS_DEPLOYMENT_TARGET = 16.4;
				MTL_ENABLE_DEBUG_INFO = NO;
				MTL_FAST_MATH = YES;
				SDKROOT = iphoneos;
				SWIFT_COMPILATION_MODE = wholemodule;
				SWIFT_OPTIMIZATION_LEVEL = "-O";
				VALIDATE_PRODUCT = YES;
			};
			name = Release;
		};
		EB5926ED2A8DAD7A00B95EC4 /* Debug */ = {
			isa = XCBuildConfiguration;
			buildSettings = {
				ASSETCATALOG_COMPILER_APPICON_NAME = AppIcon;
				ASSETCATALOG_COMPILER_GLOBAL_ACCENT_COLOR_NAME = AccentColor;
				CODE_SIGN_STYLE = Automatic;
				CURRENT_PROJECT_VERSION = 1;
				DEVELOPMENT_ASSET_PATHS = "\"SheetRPG/Preview Content\"";
				ENABLE_PREVIEWS = YES;
				GENERATE_INFOPLIST_FILE = YES;
				INFOPLIST_FILE = SheetRPG/Info.plist;
				INFOPLIST_KEY_UIApplicationSceneManifest_Generation = YES;
				INFOPLIST_KEY_UIApplicationSupportsIndirectInputEvents = YES;
				INFOPLIST_KEY_UILaunchScreen_Generation = YES;
				INFOPLIST_KEY_UISupportedInterfaceOrientations_iPad = "UIInterfaceOrientationPortrait UIInterfaceOrientationPortraitUpsideDown UIInterfaceOrientationLandscapeLeft UIInterfaceOrientationLandscapeRight";
				INFOPLIST_KEY_UISupportedInterfaceOrientations_iPhone = "UIInterfaceOrientationPortrait UIInterfaceOrientationLandscapeLeft UIInterfaceOrientationLandscapeRight";
				LD_RUNPATH_SEARCH_PATHS = (
					"$(inherited)",
					"@executable_path/Frameworks",
				);
				MARKETING_VERSION = 1.0;
				PRODUCT_BUNDLE_IDENTIFIER = alexParreira.SheetRPG;
				PRODUCT_NAME = "$(TARGET_NAME)";
				SWIFT_EMIT_LOC_STRINGS = YES;
				SWIFT_VERSION = 5.0;
				TARGETED_DEVICE_FAMILY = "1,2";
			};
			name = Debug;
		};
		EB5926EE2A8DAD7A00B95EC4 /* Release */ = {
			isa = XCBuildConfiguration;
			buildSettings = {
				ASSETCATALOG_COMPILER_APPICON_NAME = AppIcon;
				ASSETCATALOG_COMPILER_GLOBAL_ACCENT_COLOR_NAME = AccentColor;
				CODE_SIGN_STYLE = Automatic;
				CURRENT_PROJECT_VERSION = 1;
				DEVELOPMENT_ASSET_PATHS = "\"SheetRPG/Preview Content\"";
				ENABLE_PREVIEWS = YES;
				GENERATE_INFOPLIST_FILE = YES;
				INFOPLIST_FILE = SheetRPG/Info.plist;
				INFOPLIST_KEY_UIApplicationSceneManifest_Generation = YES;
				INFOPLIST_KEY_UIApplicationSupportsIndirectInputEvents = YES;
				INFOPLIST_KEY_UILaunchScreen_Generation = YES;
				INFOPLIST_KEY_UISupportedInterfaceOrientations_iPad = "UIInterfaceOrientationPortrait UIInterfaceOrientationPortraitUpsideDown UIInterfaceOrientationLandscapeLeft UIInterfaceOrientationLandscapeRight";
				INFOPLIST_KEY_UISupportedInterfaceOrientations_iPhone = "UIInterfaceOrientationPortrait UIInterfaceOrientationLandscapeLeft UIInterfaceOrientationLandscapeRight";
				LD_RUNPATH_SEARCH_PATHS = (
					"$(inherited)",
					"@executable_path/Frameworks",
				);
				MARKETING_VERSION = 1.0;
				PRODUCT_BUNDLE_IDENTIFIER = alexParreira.SheetRPG;
				PRODUCT_NAME = "$(TARGET_NAME)";
				SWIFT_EMIT_LOC_STRINGS = YES;
				SWIFT_VERSION = 5.0;
				TARGETED_DEVICE_FAMILY = "1,2";
			};
			name = Release;
		};
/* End XCBuildConfiguration section */

/* Begin XCConfigurationList section */
		EB5926C32A8DAD7900B95EC4 /* Build configuration list for PBXProject "SheetRPG" */ = {
			isa = XCConfigurationList;
			buildConfigurations = (
				EB5926EA2A8DAD7A00B95EC4 /* Debug */,
				EB5926EB2A8DAD7A00B95EC4 /* Release */,
			);
			defaultConfigurationIsVisible = 0;
			defaultConfigurationName = Release;
		};
		EB5926EC2A8DAD7A00B95EC4 /* Build configuration list for PBXNativeTarget "SheetRPG" */ = {
			isa = XCConfigurationList;
			buildConfigurations = (
				EB5926ED2A8DAD7A00B95EC4 /* Debug */,
				EB5926EE2A8DAD7A00B95EC4 /* Release */,
			);
			defaultConfigurationIsVisible = 0;
			defaultConfigurationName = Release;
		};
/* End XCConfigurationList section */
	};
	rootObject = EB5926C02A8DAD7900B95EC4 /* Project object */;
}
